github.com/go-ruby-stringio/stringio v0.0.0-20260703152429-3cd4f5af33e9 h1:BUqVzenxEMc/PW+RMwd/ITy2UPBH3InlLBcI5Cr6HKY=
github.com/go-ruby-stringio/stringio v0.0.0-20260703152429-3cd4f5af33e9/go.mod h1:X+WdqcNFxpWwOTku5BB1fefeDevRFVJ4tiXEpeRWtZk=
github.com/go-ruby-stringio/stringio v0.0.0-20260717074730-69daeb97cdf3 h1:gPHFuxt7k2Q2SwWCKCsug3UyWRmrugxY/qSQ8ogXZ/s=
github.com/go-ruby-stringio/stringio v0.0.0-20260717074730-69daeb97cdf3/go.mod h1:X+WdqcNFxpWwOTku5BB1fefeDevRFVJ4tiXEpeRWtZk=
